
Microsoft Visual Studio Solution File, Format Version 12.00
# Visual Studio 15
VisualStudioVersion = 15.0.27004.2009
MinimumVisualStudioVersion = 10.0.40219.1
Project("{9A19103F-16F7-4668-BE54-9A1E7A4F7556}") = "EventSourceCoreLogger", "EventSourceCoreLogger\EventSourceCoreLogger.csproj", "{4D370A62-EC44-49EF-A788-4297A20DD11C}"
EndProject
EndProject
Global
	GlobalSection(SolutionConfigurationPlatforms) = preSolution
		Debug|Any CPU = Debug|Any CPU
		Release|Any CPU = Release|Any CPU
	EndGlobalSection
	GlobalSection(ProjectConfigurationPlatforms) = postSolution
		{4D370A62-EC44-49EF-A788-4297A20DD11C}.Debug|Any CPU.ActiveCfg = Debug|Any CPU
		{4D370A62-EC44-49EF-A788-4297A20DD11C}.Debug|Any CPU.Build.0 = Debug|Any CPU
		{4D370A62-EC44-49EF-A788-4297A20DD11C}.Release|Any CPU.ActiveCfg = Release|Any CPU
		{4D370A62-EC44-49EF-A788-4297A20DD11C}.Release|Any CPU.Build.0 = Release|Any CPU
		{19FA6F1E-5B12-4B63-8E1F-6548D3B82A30}.Debug|Any CPU.ActiveCfg = Debug|Any CPU
		{19FA6F1E-5B12-4B63-8E1F-6548D3B82A30}.Debug|Any CPU.Build.0 = Debug|Any CPU
		{19FA6F1E-5B12-4B63-8E1F-6548D3B82A30}.Release|Any CPU.ActiveCfg = Release|Any CPU
		{19FA6F1E-5B12-4B63-8E1F-6548D3B82A30}.Release|Any CPU.Build.0 = Release|Any CPU
		{D83A0BCE-4668-4A52-B52D-78A121CD2075}.Debug|Any CPU.ActiveCfg = Debug|Any CPU
		{D83A0BCE-4668-4A52-B52D-78A121CD2075}.Debug|Any CPU.Build.0 = Debug|Any CPU
		{D83A0BCE-4668-4A52-B52D-78A121CD2075}.Release|Any CPU.ActiveCfg = Release|Any CPU
		{D83A0BCE-4668-4A52-B52D-78A121CD2075}.Release|Any CPU.Build.0 = Release|Any CPU
	EndGlobalSection
	GlobalSection(SolutionProperties) = preSolution
		HideSolutionNode = FALSE
	EndGlobalSection
	GlobalSection(ExtensibilityGlobals) = postSolution
		SolutionGuid = {2B11E457-326C-4285-BF43-1B2F1A468802}
	EndGlobalSection
EndGlobal
